{
  "version": 4,
  "terraform_version": "1.6.0",
  "serial": 8,
  "lineage": "4fcfc747-4214-5765-fa76-010ccf6dad77",
  "outputs": {
    "webapp_ips": {
      "value": "51.136.122.147,51.136.122.231,51.136.124.112,51.136.125.253,51.136.126.50,51.136.127.36,20.50.2.18",
      "type": "string"
    },
    "webapp_url": {
      "value": "teddylibrary.azurewebsites.net",
      "type": "string"
    }
  },
  "resources": [
    {
      "mode": "managed",
      "type": "azurerm_app_service_source_control",
      "name": "assc",
      "provider": "provider[\"registry.terraform.io/hashicorp/azurerm\"]",
      "instances": [
        {
          "schema_version": 0,
          "attributes": {
            "app_id": "/subscriptions/cd7b9766-7f8b-4f6d-89b7-cceb5e255d66/resourceGroups/TeddyZeroTerraformExamResourceGroup/providers/Microsoft.Web/sites/teddylibrary",
            "branch": "main",
            "github_action_configuration": [],
            "id": "/subscriptions/cd7b9766-7f8b-4f6d-89b7-cceb5e255d66/resourceGroups/TeddyZeroTerraformExamResourceGroup/providers/Microsoft.Web/sites/teddylibrary",
            "repo_url": "https://github.com/ForbiddenBG/Library.git",
            "rollback_enabled": false,
            "scm_type": "ExternalGit",
            "timeouts": null,
            "use_local_git": false,
            "use_manual_integration": true,
            "use_mercurial": false,
            "uses_github_action": false
          },
          "sensitive_attributes": [],
          "private": "eyJlMmJmYjczMC1lY2FhLTExZTYtOGY4OC0zNDM2M2JjN2M0YzAiOnsiY3JlYXRlIjoxODAwMDAwMDAwMDAwLCJkZWxldGUiOjE4MDAwMDAwMDAwMDAsInJlYWQiOjMwMDAwMDAwMDAwMH19",
          "dependencies": [
            "azurerm_linux_web_app.alwa",
            "azurerm_mssql_database.db",
            "azurerm_mssql_server.sqlserver",
            "azurerm_resource_group.rg",
            "azurerm_service_plan.asp"
          ]
        }
      ]
    },
    {
      "mode": "managed",
      "type": "azurerm_linux_web_app",
      "name": "alwa",
      "provider": "provider[\"registry.terraform.io/hashicorp/azurerm\"]",
      "instances": [
        {
          "schema_version": 0,
          "attributes": {
            "app_settings": null,
            "auth_settings": [
              {
                "active_directory": [],
                "additional_login_parameters": {},
                "allowed_external_redirect_urls": [],
                "default_provider": "",
                "enabled": false,
                "facebook": [],
                "github": [],
                "google": [],
                "issuer": "",
                "microsoft": [],
                "runtime_version": "",
                "token_refresh_extension_hours": 0,
                "token_store_enabled": false,
                "twitter": [],
                "unauthenticated_client_action": ""
              }
            ],
            "backup": [],
            "client_affinity_enabled": false,
            "client_certificate_enabled": false,
            "client_certificate_mode": "Required",
            "connection_string": [
              {
                "name": "DefaultConnection",
                "type": "SQLAzure",
                "value": "Data Source=tcp:library-sql-teddy.database.windows.net,1433;Initial Catalog=Library-teddy;User ID=TeddyZero;Password=yourStrongPassword12#;Trusted_Connection=False; MultipleActiveResultSets=True;"
              }
            ],
            "custom_domain_verification_id": "4CDE12D671DBCAD72616F4B93A41F15FDBB742DA4072525B99C72F61DDD2F9C9",
            "default_hostname": "teddylibrary.azurewebsites.net",
            "enabled": true,
            "https_only": false,
            "id": "/subscriptions/cd7b9766-7f8b-4f6d-89b7-cceb5e255d66/resourceGroups/TeddyZeroTerraformExamResourceGroup/providers/Microsoft.Web/sites/teddylibrary",
            "identity": [],
            "key_vault_reference_identity_id": "SystemAssigned",
            "kind": "app,linux",
            "location": "westeurope",
            "logs": [],
            "name": "teddylibrary",
            "outbound_ip_address_list": [
              "51.136.122.147",
              "51.136.122.231",
              "51.136.124.112",
              "51.136.125.253",
              "51.136.126.50",
              "51.136.127.36",
              "20.50.2.18"
            ],
            "outbound_ip_addresses": "51.136.122.147,51.136.122.231,51.136.124.112,51.136.125.253,51.136.126.50,51.136.127.36,20.50.2.18",
            "possible_outbound_ip_address_list": [
              "51.136.122.147",
              "51.136.122.231",
              "51.136.124.112",
              "51.136.125.253",
              "51.136.126.50",
              "51.136.127.36",
              "51.138.64.87",
              "51.138.64.104",
              "51.138.64.130",
              "51.138.65.14",
              "51.138.65.56",
              "51.138.65.172",
              "51.138.65.183",
              "51.138.65.188",
              "51.138.65.198",
              "51.138.65.212",
              "51.138.66.55",
              "51.138.66.89",
              "20.82.33.26",
              "20.82.34.221",
              "20.82.34.241",
              "20.82.37.94",
              "20.82.33.11",
              "20.82.33.6",
              "20.50.2.18"
            ],
            "possible_outbound_ip_addresses": "51.136.122.147,51.136.122.231,51.136.124.112,51.136.125.253,51.136.126.50,51.136.127.36,51.138.64.87,51.138.64.104,51.138.64.130,51.138.65.14,51.138.65.56,51.138.65.172,51.138.65.183,51.138.65.188,51.138.65.198,51.138.65.212,51.138.66.55,51.138.66.89,20.82.33.26,20.82.34.221,20.82.34.241,20.82.37.94,20.82.33.11,20.82.33.6,20.50.2.18",
            "resource_group_name": "TeddyZeroTerraformExamResourceGroup",
            "service_plan_id": "/subscriptions/cd7b9766-7f8b-4f6d-89b7-cceb5e255d66/resourceGroups/TeddyZeroTerraformExamResourceGroup/providers/Microsoft.Web/serverfarms/library-plan-teddy",
            "site_config": [
              {
                "always_on": false,
                "api_definition_url": "",
                "api_management_api_id": "",
                "app_command_line": "",
                "application_stack": [
                  {
                    "docker_image": "",
                    "docker_image_tag": "",
                    "dotnet_version": "6.0",
                    "java_server": "",
                    "java_server_version": "",
                    "java_version": "",
                    "node_version": "",
                    "php_version": "",
                    "python_version": "",
                    "ruby_version": ""
                  }
                ],
                "auto_heal_enabled": false,
                "auto_heal_setting": [],
                "container_registry_managed_identity_client_id": "",
                "container_registry_use_managed_identity": false,
                "cors": [],
                "default_documents": [
                  "Default.htm",
                  "Default.html",
                  "Default.asp",
                  "index.htm",
                  "index.html",
                  "iisstart.htm",
                  "default.aspx",
                  "index.php",
                  "hostingstart.html"
                ],
                "detailed_error_logging_enabled": false,
                "ftps_state": "Disabled",
                "health_check_eviction_time_in_min": 0,
                "health_check_path": "",
                "http2_enabled": false,
                "ip_restriction": [],
                "linux_fx_version": "DOTNETCORE|6.0",
                "load_balancing_mode": "LeastRequests",
                "local_mysql_enabled": false,
                "managed_pipeline_mode": "Integrated",
                "minimum_tls_version": "1.2",
                "remote_debugging_enabled": false,
                "remote_debugging_version": "VS2019",
                "scm_ip_restriction": [],
                "scm_minimum_tls_version": "1.2",
                "scm_type": "None",
                "scm_use_main_ip_restriction": false,
                "use_32_bit_worker": true,
                "vnet_route_all_enabled": false,
                "websockets_enabled": false,
                "worker_count": 1
              }
            ],
            "site_credential": [
              {
                "name": "$teddylibrary",
                "password": "bEHmFmHhjGKgKgEukvSzng5Dw3Np4WbtHMCFsuTeCrcZF2nu6c2zAW6CeYDS"
              }
            ],
            "storage_account": [],
            "tags": null,
            "timeouts": null
          },
          "sensitive_attributes": [
            [
              {
                "type": "get_attr",
                "value": "connection_string"
              }
            ]
          ],
          "private": "eyJlMmJmYjczMC1lY2FhLTExZTYtOGY4OC0zNDM2M2JjN2M0YzAiOnsiY3JlYXRlIjoxODAwMDAwMDAwMDAwLCJkZWxldGUiOjE4MDAwMDAwMDAwMDAsInJlYWQiOjMwMDAwMDAwMDAwMCwidXBkYXRlIjoxODAwMDAwMDAwMDAwfX0=",
          "dependencies": [
            "azurerm_mssql_database.db",
            "azurerm_mssql_server.sqlserver",
            "azurerm_resource_group.rg",
            "azurerm_service_plan.asp"
          ]
        }
      ]
    },
    {
      "mode": "managed",
      "type": "azurerm_mssql_database",
      "name": "db",
      "provider": "provider[\"registry.terraform.io/hashicorp/azurerm\"]",
      "instances": [
        {
          "schema_version": 1,
          "attributes": {
            "auto_pause_delay_in_minutes": 0,
            "collation": "SQL_Latin1_General_CP1_CI_AS",
            "create_mode": "Default",
            "creation_source_database_id": null,
            "elastic_pool_id": "",
            "geo_backup_enabled": true,
            "id": "/subscriptions/cd7b9766-7f8b-4f6d-89b7-cceb5e255d66/resourceGroups/TeddyZeroTerraformExamResourceGroup/providers/Microsoft.Sql/servers/library-sql-teddy/databases/Library-teddy",
            "license_type": "",
            "long_term_retention_policy": [
              {
                "monthly_retention": "PT0S",
                "week_of_year": 0,
                "weekly_retention": "PT0S",
                "yearly_retention": "PT0S"
              }
            ],
            "max_size_gb": 2,
            "min_capacity": 0,
            "name": "Library-teddy",
            "read_replica_count": 0,
            "read_scale": false,
            "recover_database_id": null,
            "restore_dropped_database_id": null,
            "restore_point_in_time": null,
            "sample_name": null,
            "server_id": "/subscriptions/cd7b9766-7f8b-4f6d-89b7-cceb5e255d66/resourceGroups/TeddyZeroTerraformExamResourceGroup/providers/Microsoft.Sql/servers/library-sql-teddy",
            "short_term_retention_policy": [
              {
                "retention_days": 7
              }
            ],
            "sku_name": "S0",
            "storage_account_type": "Geo",
            "tags": null,
            "threat_detection_policy": [
              {
                "disabled_alerts": [],
                "email_account_admins": "Disabled",
                "email_addresses": [],
                "retention_days": 0,
                "state": "Disabled",
                "storage_account_access_key": "",
                "storage_endpoint": ""
              }
            ],
            "timeouts": null,
            "transparent_data_encryption_enabled": true,
            "zone_redundant": false
          },
          "sensitive_attributes": [],
          "private": "eyJlMmJmYjczMC1lY2FhLTExZTYtOGY4OC0zNDM2M2JjN2M0YzAiOnsiY3JlYXRlIjozNjAwMDAwMDAwMDAwLCJkZWxldGUiOjM2MDAwMDAwMDAwMDAsInJlYWQiOjMwMDAwMDAwMDAwMCwidXBkYXRlIjozNjAwMDAwMDAwMDAwfSwic2NoZW1hX3ZlcnNpb24iOiIxIn0=",
          "dependencies": [
            "azurerm_mssql_server.sqlserver",
            "azurerm_resource_group.rg"
          ]
        }
      ]
    },
    {
      "mode": "managed",
      "type": "azurerm_mssql_firewall_rule",
      "name": "fwr",
      "provider": "provider[\"registry.terraform.io/hashicorp/azurerm\"]",
      "instances": [
        {
          "schema_version": 0,
          "attributes": {
            "end_ip_address": "0.0.0.0",
            "id": "/subscriptions/cd7b9766-7f8b-4f6d-89b7-cceb5e255d66/resourceGroups/TeddyZeroTerraformExamResourceGroup/providers/Microsoft.Sql/servers/library-sql-teddy/firewallRules/ContactsFirewallRuleTeddy",
            "name": "ContactsFirewallRuleTeddy",
            "server_id": "/subscriptions/cd7b9766-7f8b-4f6d-89b7-cceb5e255d66/resourceGroups/TeddyZeroTerraformExamResourceGroup/providers/Microsoft.Sql/servers/library-sql-teddy",
            "start_ip_address": "0.0.0.0",
            "timeouts": null
          },
          "sensitive_attributes": [],
          "private": "eyJlMmJmYjczMC1lY2FhLTExZTYtOGY4OC0zNDM2M2JjN2M0YzAiOnsiY3JlYXRlIjoxODAwMDAwMDAwMDAwLCJkZWxldGUiOjE4MDAwMDAwMDAwMDAsInJlYWQiOjMwMDAwMDAwMDAwMCwidXBkYXRlIjoxODAwMDAwMDAwMDAwfX0=",
          "dependencies": [
            "azurerm_mssql_server.sqlserver",
            "azurerm_resource_group.rg"
          ]
        }
      ]
    },
    {
      "mode": "managed",
      "type": "azurerm_mssql_server",
      "name": "sqlserver",
      "provider": "provider[\"registry.terraform.io/hashicorp/azurerm\"]",
      "instances": [
        {
          "schema_version": 0,
          "attributes": {
            "administrator_login": "TeddyZero",
            "administrator_login_password": "yourStrongPassword12#",
            "azuread_administrator": [],
            "connection_policy": "Default",
            "fully_qualified_domain_name": "library-sql-teddy.database.windows.net",
            "id": "/subscriptions/cd7b9766-7f8b-4f6d-89b7-cceb5e255d66/resourceGroups/TeddyZeroTerraformExamResourceGroup/providers/Microsoft.Sql/servers/library-sql-teddy",
            "identity": [],
            "location": "westeurope",
            "minimum_tls_version": "1.2",
            "name": "library-sql-teddy",
            "outbound_network_restriction_enabled": false,
            "primary_user_assigned_identity_id": "",
            "public_network_access_enabled": true,
            "resource_group_name": "TeddyZeroTerraformExamResourceGroup",
            "restorable_dropped_database_ids": [],
            "tags": null,
            "timeouts": null,
            "version": "12.0"
          },
          "sensitive_attributes": [],
          "private": "eyJlMmJmYjczMC1lY2FhLTExZTYtOGY4OC0zNDM2M2JjN2M0YzAiOnsiY3JlYXRlIjozNjAwMDAwMDAwMDAwLCJkZWxldGUiOjM2MDAwMDAwMDAwMDAsInJlYWQiOjMwMDAwMDAwMDAwMCwidXBkYXRlIjozNjAwMDAwMDAwMDAwfX0=",
          "dependencies": [
            "azurerm_resource_group.rg"
          ]
        }
      ]
    },
    {
      "mode": "managed",
      "type": "azurerm_resource_group",
      "name": "rg",
      "provider": "provider[\"registry.terraform.io/hashicorp/azurerm\"]",
      "instances": [
        {
          "schema_version": 0,
          "attributes": {
            "id": "/subscriptions/cd7b9766-7f8b-4f6d-89b7-cceb5e255d66/resourceGroups/TeddyZeroTerraformExamResourceGroup",
            "location": "westeurope",
            "name": "TeddyZeroTerraformExamResourceGroup",
            "tags": null,
            "timeouts": null
          },
          "sensitive_attributes": [],
          "private": "eyJlMmJmYjczMC1lY2FhLTExZTYtOGY4OC0zNDM2M2JjN2M0YzAiOnsiY3JlYXRlIjo1NDAwMDAwMDAwMDAwLCJkZWxldGUiOjU0MDAwMDAwMDAwMDAsInJlYWQiOjMwMDAwMDAwMDAwMCwidXBkYXRlIjo1NDAwMDAwMDAwMDAwfX0="
        }
      ]
    },
    {
      "mode": "managed",
      "type": "azurerm_service_plan",
      "name": "asp",
      "provider": "provider[\"registry.terraform.io/hashicorp/azurerm\"]",
      "instances": [
        {
          "schema_version": 0,
          "attributes": {
            "app_service_environment_id": "",
            "id": "/subscriptions/cd7b9766-7f8b-4f6d-89b7-cceb5e255d66/resourceGroups/TeddyZeroTerraformExamResourceGroup/providers/Microsoft.Web/serverfarms/library-plan-teddy",
            "kind": "linux",
            "location": "westeurope",
            "maximum_elastic_worker_count": 1,
            "name": "library-plan-teddy",
            "os_type": "Linux",
            "per_site_scaling_enabled": false,
            "reserved": true,
            "resource_group_name": "TeddyZeroTerraformExamResourceGroup",
            "sku_name": "F1",
            "tags": null,
            "timeouts": null,
            "worker_count": 1
          },
          "sensitive_attributes": [],
          "private": "eyJlMmJmYjczMC1lY2FhLTExZTYtOGY4OC0zNDM2M2JjN2M0YzAiOnsiY3JlYXRlIjozNjAwMDAwMDAwMDAwLCJkZWxldGUiOjM2MDAwMDAwMDAwMDAsInJlYWQiOjMwMDAwMDAwMDAwMCwidXBkYXRlIjozNjAwMDAwMDAwMDAwfX0=",
          "dependencies": [
            "azurerm_resource_group.rg"
          ]
        }
      ]
    }
  ],
  "check_results": null
}
